// !$*UTF8*$!
{
	archiveVersion = 1;
	classes = {
	};
	objectVersion = 55;
	objects = {

/* Begin PBXBuildFile section */
		1A6038E727319C6C00EF4916 /* ButtonMenuView.swift in Sources */ = {isa = PBXBuildFile; fileRef = 1A6038E627319C6C00EF4916 /* ButtonMenuView.swift */; };
		1A6038EC2731BFB600EF4916 /* FocusEntity in Frameworks */ = {isa = PBXBuildFile; productRef = 1A6038EB2731BFB600EF4916 /* FocusEntity */; };
		1A6038F02731C8C500EF4916 /* FocusARView.swift in Sources */ = {isa = PBXBuildFile; fileRef = 1A6038EF2731C8C500EF4916 /* FocusARView.swift */; };
		1A7278AA272AAAA600609077 /* RowMenuView.swift in Sources */ = {isa = PBXBuildFile; fileRef = 1A7278A9272AAAA600609077 /* RowMenuView.swift */; };
		1A7278AD272ABBC800609077 /* Color.swift in Sources */ = {isa = PBXBuildFile; fileRef = 1A7278AC272ABBC800609077 /* Color.swift */; };
		1A7278AF272AD88A00609077 /* Reality.swift in Sources */ = {isa = PBXBuildFile; fileRef = 1A7278AE272AD88A00609077 /* Reality.swift */; };
		1A7278B1272AE12400609077 /* DefaultRealityView.swift in Sources */ = {isa = PBXBuildFile; fileRef = 1A7278B0272AE12400609077 /* DefaultRealityView.swift */; };
		1AA20942272868E9001274C5 /* AppDelegate.swift in Sources */ = {isa = PBXBuildFile; fileRef = 1AA20941272868E9001274C5 /* AppDelegate.swift */; };
		1AA20944272868EA001274C5 /* HomeView.swift in Sources */ = {isa = PBXBuildFile; fileRef = 1AA20943272868EA001274C5 /* HomeView.swift */; };
		1AA20946272868EA001274C5 /* Scene1.rcproject in Sources */ = {isa = PBXBuildFile; fileRef = 1AA20945272868EA001274C5 /* Scene1.rcproject */; };
		1AA20948272868EF001274C5 /* Assets.xcassets in Resources */ = {isa = PBXBuildFile; fileRef = 1AA20947272868EF001274C5 /* Assets.xcassets */; };
		1AA2094B272868EF001274C5 /* Preview Assets.xcassets in Resources */ = {isa = PBXBuildFile; fileRef = 1AA2094A272868EF001274C5 /* Preview Assets.xcassets */; };
		1AA20956272869F2001274C5 /* Scene1ARView.swift in Sources */ = {isa = PBXBuildFile; fileRef = 1AA20955272869F2001274C5 /* Scene1ARView.swift */; };
		1AC1208327296B3E00F6374F /* Scene2.rcproject in Sources */ = {isa = PBXBuildFile; fileRef = 1AC1208227296B3E00F6374F /* Scene2.rcproject */; };
		1AC1208527296F1C00F6374F /* RealityView.swift in Sources */ = {isa = PBXBuildFile; fileRef = 1AC1208427296F1C00F6374F /* RealityView.swift */; };
		1AC1208727296FFA00F6374F /* MainMenuView.swift in Sources */ = {isa = PBXBuildFile; fileRef = 1AC1208627296FFA00F6374F /* MainMenuView.swift */; };
		1AC6F40B2729ADE200B7134B /* Scene2ARView.swift in Sources */ = {isa = PBXBuildFile; fileRef = 1AC6F40A2729ADE200B7134B /* Scene2ARView.swift */; };
		1AC6F40D2729B26D00B7134B /* ARViewModel.swift in Sources */ = {isa = PBXBuildFile; fileRef = 1AC6F40C2729B26D00B7134B /* ARViewModel.swift */; };
		1AC6F4112729BD4600B7134B /* BackgroundView.swift in Sources */ = {isa = PBXBuildFile; fileRef = 1AC6F4102729BD4600B7134B /* BackgroundView.swift */; };
		F8304DA5273951F400D045D2 /* InfoView.swift in Sources */ = {isa = PBXBuildFile; fileRef = F8304DA4273951F400D045D2 /* InfoView.swift */; };
		F8304DA72739530D00D045D2 /* ButtonInfoView.swift in Sources */ = {isa = PBXBuildFile; fileRef = F8304DA62739530D00D045D2 /* ButtonInfoView.swift */; };
/* End PBXBuildFile section */

/* Begin PBXFileReference section */
		1A6038E627319C6C00EF4916 /* ButtonMenuView.swift */ = {isa = PBXFileReference; lastKnownFileType = sourcecode.swift; path = ButtonMenuView.swift; sourceTree = "<group>"; };
		1A6038EF2731C8C500EF4916 /* FocusARView.swift */ = {isa = PBXFileReference; lastKnownFileType = sourcecode.swift; path = FocusARView.swift; sourceTree = "<group>"; };
		1A7278A9272AAAA600609077 /* RowMenuView.swift */ = {isa = PBXFileReference; lastKnownFileType = sourcecode.swift; path = RowMenuView.swift; sourceTree = "<group>"; };
		1A7278AC272ABBC800609077 /* Color.swift */ = {isa = PBXFileReference; lastKnownFileType = sourcecode.swift; path = Color.swift; sourceTree = "<group>"; };
		1A7278AE272AD88A00609077 /* Reality.swift */ = {isa = PBXFileReference; lastKnownFileType = sourcecode.swift; path = Reality.swift; sourceTree = "<group>"; };
		1A7278B0272AE12400609077 /* DefaultRealityView.swift */ = {isa = PBXFileReference; lastKnownFileType = sourcecode.swift; path = DefaultRealityView.swift; sourceTree = "<group>"; };
		1AA2093E272868E9001274C5 /* ProjectAR.app */ = {isa = PBXFileReference; explicitFileType = wrapper.application; includeInIndex = 0; path = ProjectAR.app; sourceTree = BUILT_PRODUCTS_DIR; };
		1AA20941272868E9001274C5 /* AppDelegate.swift */ = {isa = PBXFileReference; lastKnownFileType = sourcecode.swift; path = AppDelegate.swift; sourceTree = "<group>"; };
		1AA20943272868EA001274C5 /* HomeView.swift */ = {isa = PBXFileReference; lastKnownFileType = sourcecode.swift; path = HomeView.swift; sourceTree = "<group>"; };
		1AA20945272868EA001274C5 /* Scene1.rcproject */ = {isa = PBXFileReference; lastKnownFileType = file.rcproject; path = Scene1.rcproject; sourceTree = "<group>"; };
		1AA20947272868EF001274C5 /* Assets.xcassets */ = {isa = PBXFileReference; lastKnownFileType = folder.assetcatalog; path = Assets.xcassets; sourceTree = "<group>"; };
		1AA2094A272868EF001274C5 /* Preview Assets.xcassets */ = {isa = PBXFileReference; lastKnownFileType = folder.assetcatalog; path = "Preview Assets.xcassets"; sourceTree = "<group>"; };
		1AA20955272869F2001274C5 /* Scene1ARView.swift */ = {isa = PBXFileReference; lastKnownFileType = sourcecode.swift; path = Scene1ARView.swift; sourceTree = "<group>"; };
		1AC1208227296B3E00F6374F /* Scene2.rcproject */ = {isa = PBXFileReference; lastKnownFileType = file.rcproject; path = Scene2.rcproject; sourceTree = "<group>"; };
		1AC1208427296F1C00F6374F /* RealityView.swift */ = {isa = PBXFileReference; lastKnownFileType = sourcecode.swift; path = RealityView.swift; sourceTree = "<group>"; };
		1AC1208627296FFA00F6374F /* MainMenuView.swift */ = {isa = PBXFileReference; lastKnownFileType = sourcecode.swift; path = MainMenuView.swift; sourceTree = "<group>"; };
		1AC6F40A2729ADE200B7134B /* Scene2ARView.swift */ = {isa = PBXFileReference; lastKnownFileType = sourcecode.swift; path = Scene2ARView.swift; sourceTree = "<group>"; };
		1AC6F40C2729B26D00B7134B /* ARViewModel.swift */ = {isa = PBXFileReference; lastKnownFileType = sourcecode.swift; path = ARViewModel.swift; sourceTree = "<group>"; };
		1AC6F4102729BD4600B7134B /* BackgroundView.swift */ = {isa = PBXFileReference; lastKnownFileType = sourcecode.swift; path = BackgroundView.swift; sourceTree = "<group>"; };
		F8304DA4273951F400D045D2 /* InfoView.swift */ = {isa = PBXFileReference; lastKnownFileType = sourcecode.swift; path = InfoView.swift; sourceTree = "<group>"; };
		F8304DA62739530D00D045D2 /* ButtonInfoView.swift */ = {isa = PBXFileReference; lastKnownFileType = sourcecode.swift; path = ButtonInfoView.swift; sourceTree = "<group>"; };
/* End PBXFileReference section */

/* Begin PBXFrameworksBuildPhase section */
		1AA2093B272868E9001274C5 /* Frameworks */ = {
			isa = PBXFrameworksBuildPhase;
			buildActionMask = 2147483647;
			files = (
				1A6038EC2731BFB600EF4916 /* FocusEntity in Frameworks */,
			);
			runOnlyForDeploymentPostprocessing = 0;
		};
/* End PBXFrameworksBuildPhase section */

/* Begin PBXGroup section */
		1A7278A62729FF4B00609077 /* ARViewContainer */ = {
			isa = PBXGroup;
			children = (
				1AA20955272869F2001274C5 /* Scene1ARView.swift */,
				1AC6F40A2729ADE200B7134B /* Scene2ARView.swift */,
			);
			path = ARViewContainer;
			sourceTree = "<group>";
		};
		1A7278AB272ABBB200609077 /* Extension */ = {
			isa = PBXGroup;
			children = (
				1A7278AC272ABBC800609077 /* Color.swift */,
			);
			path = Extension;
			sourceTree = "<group>";
		};
		1AA20935272868E9001274C5 = {
			isa = PBXGroup;
			children = (
				1AA20940272868E9001274C5 /* ProjectAR */,
				1AA2093F272868E9001274C5 /* Products */,
			);
			sourceTree = "<group>";
		};
		1AA2093F272868E9001274C5 /* Products */ = {
			isa = PBXGroup;
			children = (
				1AA2093E272868E9001274C5 /* ProjectAR.app */,
			);
			name = Products;
			sourceTree = "<group>";
		};
		1AA20940272868E9001274C5 /* ProjectAR */ = {
			isa = PBXGroup;
			children = (
				1AA20941272868E9001274C5 /* AppDelegate.swift */,
				1AA2095127286950001274C5 /* Views */,
				1AA2095227286969001274C5 /* ViewModel */,
				1AA2095327286989001274C5 /* Model */,
				1AA209542728699D001274C5 /* RealityModels */,
				1A7278A62729FF4B00609077 /* ARViewContainer */,
				1A7278AB272ABBB200609077 /* Extension */,
				F8304DA32739501100D045D2 /* Utilits */,
				1AA20947272868EF001274C5 /* Assets.xcassets */,
				1AA20949272868EF001274C5 /* Preview Content */,
			);
			path = ProjectAR;
			sourceTree = "<group>";
		};
		1AA20949272868EF001274C5 /* Preview Content */ = {
			isa = PBXGroup;
			children = (
				1AA2094A272868EF001274C5 /* Preview Assets.xcassets */,
			);
			path = "Preview Content";
			sourceTree = "<group>";
		};
		1AA2095127286950001274C5 /* Views */ = {
			isa = PBXGroup;
			children = (
				1AA20943272868EA001274C5 /* HomeView.swift */,
				1AC1208627296FFA00F6374F /* MainMenuView.swift */,
				1AC1208427296F1C00F6374F /* RealityView.swift */,
				1A7278A9272AAAA600609077 /* RowMenuView.swift */,
				1A6038E627319C6C00EF4916 /* ButtonMenuView.swift */,
				1AC6F4102729BD4600B7134B /* BackgroundView.swift */,
				1A7278B0272AE12400609077 /* DefaultRealityView.swift */,
				F8304DA4273951F400D045D2 /* InfoView.swift */,
				F8304DA62739530D00D045D2 /* ButtonInfoView.swift */,
			);
			path = Views;
			sourceTree = "<group>";
		};
		1AA2095227286969001274C5 /* ViewModel */ = {
			isa = PBXGroup;
			children = (
				1AC6F40C2729B26D00B7134B /* ARViewModel.swift */,
			);
			path = ViewModel;
			sourceTree = "<group>";
		};
		1AA2095327286989001274C5 /* Model */ = {
			isa = PBXGroup;
			children = (
				1A7278AE272AD88A00609077 /* Reality.swift */,
			);
			path = Model;
			sourceTree = "<group>";
		};
		1AA209542728699D001274C5 /* RealityModels */ = {
			isa = PBXGroup;
			children = (
				1AA20945272868EA001274C5 /* Scene1.rcproject */,
				1AC1208227296B3E00F6374F /* Scene2.rcproject */,
			);
			path = RealityModels;
			sourceTree = "<group>";
		};
		F8304DA32739501100D045D2 /* Utilits */ = {
			isa = PBXGroup;
			children = (
				1A6038EF2731C8C500EF4916 /* FocusARView.swift */,
			);
			path = Utilits;
			sourceTree = "<group>";
		};
/* End PBXGroup section */

/* Begin PBXNativeTarget section */
		1AA2093D272868E9001274C5 /* ProjectAR */ = {
			isa = PBXNativeTarget;
			buildConfigurationList = 1AA2094E272868EF001274C5 /* Build configuration list for PBXNativeTarget "ProjectAR" */;
			buildPhases = (
				1AA2093A272868E9001274C5 /* Sources */,
				1AA2093B272868E9001274C5 /* Frameworks */,
				1AA2093C272868E9001274C5 /* Resources */,
			);
			buildRules = (
			);
			dependencies = (
			);
			name = ProjectAR;
			packageProductDependencies = (
				1A6038EB2731BFB600EF4916 /* FocusEntity */,
			);
			productName = ProjectAR;
			productReference = 1AA2093E272868E9001274C5 /* ProjectAR.app */;
			productType = "com.apple.product-type.application";
		};
/* End PBXNativeTarget section */

/* Begin PBXProject section */
		1AA20936272868E9001274C5 /* Project object */ = {
			isa = PBXProject;
			attributes = {
				BuildIndependentTargetsInParallel = 1;
				LastSwiftUpdateCheck = 1310;
				LastUpgradeCheck = 1310;
				TargetAttributes = {
					1AA2093D272868E9001274C5 = {
						CreatedOnToolsVersion = 13.1;
					};
				};
			};
			buildConfigurationList = 1AA20939272868E9001274C5 /* Build configuration list for PBXProject "ProjectAR" */;
			compatibilityVersion = "Xcode 13.0";
			developmentRegion = en;
			hasScannedForEncodings = 0;
			knownRegions = (
				en,
				Base,
			);
			mainGroup = 1AA20935272868E9001274C5;
			packageReferences = (
				1A6038EA2731BFB600EF4916 /* XCRemoteSwiftPackageReference "FocusEntity" */,
			);
			productRefGroup = 1AA2093F272868E9001274C5 /* Products */;
			projectDirPath = "";
			projectRoot = "";
			targets = (
				1AA2093D272868E9001274C5 /* ProjectAR */,
			);
		};
/* End PBXProject section */

/* Begin PBXResourcesBuildPhase section */
		1AA2093C272868E9001274C5 /* Resources */ = {
			isa = PBXResourcesBuildPhase;
			buildActionMask = 2147483647;
			files = (
				1AA2094B272868EF001274C5 /* Preview Assets.xcassets in Resources */,
				1AA20948272868EF001274C5 /* Assets.xcassets in Resources */,
			);
			runOnlyForDeploymentPostprocessing = 0;
		};
/* End PBXResourcesBuildPhase section */

/* Begin PBXSourcesBuildPhase section */
		1AA2093A272868E9001274C5 /* Sources */ = {
			isa = PBXSourcesBuildPhase;
			buildActionMask = 2147483647;
			files = (
				1AA20944272868EA001274C5 /* HomeView.swift in Sources */,
				1A7278AF272AD88A00609077 /* Reality.swift in Sources */,
				1AC1208727296FFA00F6374F /* MainMenuView.swift in Sources */,
				1A7278B1272AE12400609077 /* DefaultRealityView.swift in Sources */,
				F8304DA5273951F400D045D2 /* InfoView.swift in Sources */,
				1AC6F4112729BD4600B7134B /* BackgroundView.swift in Sources */,
				1AC1208527296F1C00F6374F /* RealityView.swift in Sources */,
				1AA20956272869F2001274C5 /* Scene1ARView.swift in Sources */,
				1A7278AD272ABBC800609077 /* Color.swift in Sources */,
				1AC1208327296B3E00F6374F /* Scene2.rcproject in Sources */,
				F8304DA72739530D00D045D2 /* ButtonInfoView.swift in Sources */,
				1AA20942272868E9001274C5 /* AppDelegate.swift in Sources */,
				1A6038F02731C8C500EF4916 /* FocusARView.swift in Sources */,
				1A7278AA272AAAA600609077 /* RowMenuView.swift in Sources */,
				1A6038E727319C6C00EF4916 /* ButtonMenuView.swift in Sources */,
				1AA20946272868EA001274C5 /* Scene1.rcproject in Sources */,
				1AC6F40B2729ADE200B7134B /* Scene2ARView.swift in Sources */,
				1AC6F40D2729B26D00B7134B /* ARViewModel.swift in Sources */,
			);
			runOnlyForDeploymentPostprocessing = 0;
		};
/* End PBXSourcesBuildPhase section */

/* Begin XCBuildConfiguration section */
		1AA2094C272868EF001274C5 /* Debug */ = {
			isa = XCBuildConfiguration;
			buildSettings = {
				ALWAYS_SEARCH_USER_PATHS = NO;
				CLANG_ANALYZER_NONNULL = YES;
				CLANG_ANALYZER_NUMBER_OBJECT_CONVERSION = YES_AGGRESSIVE;
				CLANG_CXX_LANGUAGE_STANDARD = "gnu++17";
				CLANG_CXX_LIBRARY = "libc++";
				CLANG_ENABLE_MODULES = YES;
				CLANG_ENABLE_OBJC_ARC = YES;
				CLANG_ENABLE_OBJC_WEAK = YES;
				CLANG_WARN_BLOCK_CAPTURE_AUTORELEASING = YES;
				CLANG_WARN_BOOL_CONVERSION = YES;
				CLANG_WARN_COMMA = YES;
				CLANG_WARN_CONSTANT_CONVERSION = YES;
				CLANG_WARN_DEPRECATED_OBJC_IMPLEMENTATIONS = YES;
				CLANG_WARN_DIRECT_OBJC_ISA_USAGE = YES_ERROR;
				CLANG_WARN_DOCUMENTATION_COMMENTS = YES;
				CLANG_WARN_EMPTY_BODY = YES;
				CLANG_WARN_ENUM_CONVERSION = YES;
				CLANG_WARN_INFINITE_RECURSION = YES;
				CLANG_WARN_INT_CONVERSION = YES;
				CLANG_WARN_NON_LITERAL_NULL_CONVERSION = YES;
				CLANG_WARN_OBJC_IMPLICIT_RETAIN_SELF = YES;
				CLANG_WARN_OBJC_LITERAL_CONVERSION = YES;
				CLANG_WARN_OBJC_ROOT_CLASS = YES_ERROR;
				CLANG_WARN_QUOTED_INCLUDE_IN_FRAMEWORK_HEADER = YES;
				CLANG_WARN_RANGE_LOOP_ANALYSIS = YES;
				CLANG_WARN_STRICT_PROTOTYPES = YES;
				CLANG_WARN_SUSPICIOUS_MOVE = YES;
				CLANG_WARN_UNGUARDED_AVAILABILITY = YES_AGGRESSIVE;
				CLANG_WARN_UNREACHABLE_CODE = YES;
				CLANG_WARN__DUPLICATE_METHOD_MATCH = YES;
				COPY_PHASE_STRIP = NO;
				DEBUG_INFORMATION_FORMAT = dwarf;
				ENABLE_STRICT_OBJC_MSGSEND = YES;
				ENABLE_TESTABILITY = YES;
				GCC_C_LANGUAGE_STANDARD = gnu11;
				GCC_DYNAMIC_NO_PIC = NO;
				GCC_NO_COMMON_BLOCKS = YES;
				GCC_OPTIMIZATION_LEVEL = 0;
				GCC_PREPROCESSOR_DEFINITIONS = (
					"DEBUG=1",
					"$(inherited)",
				);
				GCC_WARN_64_TO_32_BIT_CONVERSION = YES;
				GCC_WARN_ABOUT_RETURN_TYPE = YES_ERROR;
				GCC_WARN_UNDECLARED_SELECTOR = YES;
				GCC_WARN_UNINITIALIZED_AUTOS = YES_AGGRESSIVE;
				GCC_WARN_UNUSED_FUNCTION = YES;
				GCC_WARN_UNUSED_VARIABLE = YES;
				IPHONEOS_DEPLOYMENT_TARGET = 15.0;
				MTL_ENABLE_DEBUG_INFO = INCLUDE_SOURCE;
				MTL_FAST_MATH = YES;
				ONLY_ACTIVE_ARCH = YES;
				SDKROOT = iphoneos;
				SWIFT_ACTIVE_COMPILATION_CONDITIONS = DEBUG;
				SWIFT_OPTIMIZATION_LEVEL = "-Onone";
			};
			name = Debug;
		};
		1AA2094D272868EF001274C5 /* Release */ = {
			isa = XCBuildConfiguration;
			buildSettings = {
				ALWAYS_SEARCH_USER_PATHS = NO;
				CLANG_ANALYZER_NONNULL = YES;
				CLANG_ANALYZER_NUMBER_OBJECT_CONVERSION = YES_AGGRESSIVE;
				CLANG_CXX_LANGUAGE_STANDARD = "gnu++17";
				CLANG_CXX_LIBRARY = "libc++";
				CLANG_ENABLE_MODULES = YES;
				CLANG_ENABLE_OBJC_ARC = YES;
				CLANG_ENABLE_OBJC_WEAK = YES;
				CLANG_WARN_BLOCK_CAPTURE_AUTORELEASING = YES;
				CLANG_WARN_BOOL_CONVERSION = YES;
				CLANG_WARN_COMMA = YES;
				CLANG_WARN_CONSTANT_CONVERSION = YES;
				CLANG_WARN_DEPRECATED_OBJC_IMPLEMENTATIONS = YES;
				CLANG_WARN_DIRECT_OBJC_ISA_USAGE = YES_ERROR;
				CLANG_WARN_DOCUMENTATION_COMMENTS = YES;
				CLANG_WARN_EMPTY_BODY = YES;
				CLANG_WARN_ENUM_CONVERSION = YES;
				CLANG_WARN_INFINITE_RECURSION = YES;
				CLANG_WARN_INT_CONVERSION = YES;
				CLANG_WARN_NON_LITERAL_NULL_CONVERSION = YES;
				CLANG_WARN_OBJC_IMPLICIT_RETAIN_SELF = YES;
				CLANG_WARN_OBJC_LITERAL_CONVERSION = YES;
				CLANG_WARN_OBJC_ROOT_CLASS = YES_ERROR;
				CLANG_WARN_QUOTED_INCLUDE_IN_FRAMEWORK_HEADER = YES;
				CLANG_WARN_RANGE_LOOP_ANALYSIS = YES;
				CLANG_WARN_STRICT_PROTOTYPES = YES;
				CLANG_WARN_SUSPICIOUS_MOVE = YES;
				CLANG_WARN_UNGUARDED_AVAILABILITY = YES_AGGRESSIVE;
				CLANG_WARN_UNREACHABLE_CODE = YES;
				CLANG_WARN__DUPLICATE_METHOD_MATCH = YES;
				COPY_PHASE_STRIP = NO;
				DEBUG_INFORMATION_FORMAT = "dwarf-with-dsym";
				ENABLE_NS_ASSERTIONS = NO;
				ENABLE_STRICT_OBJC_MSGSEND = YES;
				GCC_C_LANGUAGE_STANDARD = gnu11;
				GCC_NO_COMMON_BLOCKS = YES;
				GCC_WARN_64_TO_32_BIT_CONVERSION = YES;
				GCC_WARN_ABOUT_RETURN_TYPE = YES_ERROR;
				GCC_WARN_UNDECLARED_SELECTOR = YES;
				GCC_WARN_UNINITIALIZED_AUTOS = YES_AGGRESSIVE;
				GCC_WARN_UNUSED_FUNCTION = YES;
				GCC_WARN_UNUSED_VARIABLE = YES;
				IPHONEOS_DEPLOYMENT_TARGET = 15.0;
				MTL_ENABLE_DEBUG_INFO = NO;
				MTL_FAST_MATH = YES;
				SDKROOT = iphoneos;
				SWIFT_COMPILATION_MODE = wholemodule;
				SWIFT_OPTIMIZATION_LEVEL = "-O";
				VALIDATE_PRODUCT = YES;
			};
			name = Release;
		};
		1AA2094F272868EF001274C5 /* Debug */ = {
			isa = XCBuildConfiguration;
			buildSettings = {
				ASSETCATALOG_COMPILER_APPICON_NAME = AppIcon;
				ASSETCATALOG_COMPILER_GLOBAL_ACCENT_COLOR_NAME = AccentColor;
				CODE_SIGN_STYLE = Automatic;
				CURRENT_PROJECT_VERSION = 1;
				DEVELOPMENT_ASSET_PATHS = "\"ProjectAR/Preview Content\"";
				DEVELOPMENT_TEAM = H5J3S6F67R;
				ENABLE_PREVIEWS = YES;
				GENERATE_INFOPLIST_FILE = YES;
				INFOPLIST_KEY_NSCameraUsageDescription = "";
				INFOPLIST_KEY_UIApplicationSupportsIndirectInputEvents = YES;
				INFOPLIST_KEY_UILaunchScreen_Generation = YES;
				INFOPLIST_KEY_UIRequiredDeviceCapabilities = arkit;
				INFOPLIST_KEY_UIStatusBarHidden = YES;
				INFOPLIST_KEY_UISupportedInterfaceOrientations_iPad = "UIInterfaceOrientationPortrait UIInterfaceOrientationPortraitUpsideDown UIInterfaceOrientationLandscapeLeft UIInterfaceOrientationLandscapeRight";
				INFOPLIST_KEY_UISupportedInterfaceOrientations_iPhone = "UIInterfaceOrientationPortrait UIInterfaceOrientationLandscapeLeft UIInterfaceOrientationLandscapeRight";
				LD_RUNPATH_SEARCH_PATHS = (
					"$(inherited)",
					"@executable_path/Frameworks",
				);
				MARKETING_VERSION = 1.0;
				PRODUCT_BUNDLE_IDENTIFIER = com.pal.artem.ProjectAR;
				PRODUCT_NAME = "$(TARGET_NAME)";
				SWIFT_EMIT_LOC_STRINGS = YES;
				SWIFT_VERSION = 5.0;
				TARGETED_DEVICE_FAMILY = "1,2";
			};
			name = Debug;
		};
		1AA20950272868EF001274C5 /* Release */ = {
			isa = XCBuildConfiguration;
			buildSettings = {
				ASSETCATALOG_COMPILER_APPICON_NAME = AppIcon;
				ASSETCATALOG_COMPILER_GLOBAL_ACCENT_COLOR_NAME = AccentColor;
				CODE_SIGN_STYLE = Automatic;
				CURRENT_PROJECT_VERSION = 1;
				DEVELOPMENT_ASSET_PATHS = "\"ProjectAR/Preview Content\"";
				DEVELOPMENT_TEAM = H5J3S6F67R;
				ENABLE_PREVIEWS = YES;
				GENERATE_INFOPLIST_FILE = YES;
				INFOPLIST_KEY_NSCameraUsageDescription = "";
				INFOPLIST_KEY_UIApplicationSupportsIndirectInputEvents = YES;
				INFOPLIST_KEY_UILaunchScreen_Generation = YES;
				INFOPLIST_KEY_UIRequiredDeviceCapabilities = arkit;
				INFOPLIST_KEY_UIStatusBarHidden = YES;
				INFOPLIST_KEY_UISupportedInterfaceOrientations_iPad = "UIInterfaceOrientationPortrait UIInterfaceOrientationPortraitUpsideDown UIInterfaceOrientationLandscapeLeft UIInterfaceOrientationLandscapeRight";
				INFOPLIST_KEY_UISupportedInterfaceOrientations_iPhone = "UIInterfaceOrientationPortrait UIInterfaceOrientationLandscapeLeft UIInterfaceOrientationLandscapeRight";
				LD_RUNPATH_SEARCH_PATHS = (
					"$(inherited)",
					"@executable_path/Frameworks",
				);
				MARKETING_VERSION = 1.0;
				PRODUCT_BUNDLE_IDENTIFIER = com.pal.artem.ProjectAR;
				PRODUCT_NAME = "$(TARGET_NAME)";
				SWIFT_EMIT_LOC_STRINGS = YES;
				SWIFT_VERSION = 5.0;
				TARGETED_DEVICE_FAMILY = "1,2";
			};
			name = Release;
		};
/* End XCBuildConfiguration section */

/* Begin XCConfigurationList section */
		1AA20939272868E9001274C5 /* Build configuration list for PBXProject "ProjectAR" */ = {
			isa = XCConfigurationList;
			buildConfigurations = (
				1AA2094C272868EF001274C5 /* Debug */,
				1AA2094D272868EF001274C5 /* Release */,
			);
			defaultConfigurationIsVisible = 0;
			defaultConfigurationName = Release;
		};
		1AA2094E272868EF001274C5 /* Build configuration list for PBXNativeTarget "ProjectAR" */ = {
			isa = XCConfigurationList;
			buildConfigurations = (
				1AA2094F272868EF001274C5 /* Debug */,
				1AA20950272868EF001274C5 /* Release */,
			);
			defaultConfigurationIsVisible = 0;
			defaultConfigurationName = Release;
		};
/* End XCConfigurationList section */

/* Begin XCRemoteSwiftPackageReference section */
		1A6038EA2731BFB600EF4916 /* XCRemoteSwiftPackageReference "FocusEntity" */ = {
			isa = XCRemoteSwiftPackageReference;
			repositoryURL = "https://github.com/maxxfrazer/FocusEntity";
			requirement = {
				kind = upToNextMajorVersion;
				minimumVersion = 2.0.0;
			};
		};
/* End XCRemoteSwiftPackageReference section */

/* Begin XCSwiftPackageProductDependency section */
		1A6038EB2731BFB600EF4916 /* FocusEntity */ = {
			isa = XCSwiftPackageProductDependency;
			package = 1A6038EA2731BFB600EF4916 /* XCRemoteSwiftPackageReference "FocusEntity" */;
			productName = FocusEntity;
		};
/* End XCSwiftPackageProductDependency section */
	};
	rootObject = 1AA20936272868E9001274C5 /* Project object */;
}
